
Microsoft Visual Studio Solution File, Format Version 12.00
# Visual Studio Version 16
VisualStudioVersion = 16.0.30011.22
MinimumVisualStudioVersion = 10.0.40219.1
Project("{9A19103F-16F7-4668-BE54-9A1E7A4F7556}") = "IntervalTree", "RangeTree\IntervalTree.csproj", "{A12CFD40-6EA9-459A-84AD-2DF944E332CE}"
EndProject
Project("{9A19103F-16F7-4668-BE54-9A1E7A4F7556}") = "IntervalTreeExamples", "RangeTreeExamples\IntervalTreeExamples.csproj", "{A2ECC374-8BB1-4B8C-AF67-062595E6FBDB}"
EndProject
Project("{9A19103F-16F7-4668-BE54-9A1E7A4F7556}") = "IntervalTreeTests", "RangeTreeTests\IntervalTreeTests.csproj", "{087BD1DE-623A-4C8B-A41B-E99938EC9296}"
EndProject
Global
	GlobalSection(SolutionConfigurationPlatforms) = preSolution
		Debug|Any CPU = Debug|Any CPU
		Release|Any CPU = Release|Any CPU
	EndGlobalSection
	GlobalSection(ProjectConfigurationPlatforms) = postSolution
		{A12CFD40-6EA9-459A-84AD-2DF944E332CE}.Debug|Any CPU.ActiveCfg = Debug|Any CPU
		{A12CFD40-6EA9-459A-84AD-2DF944E332CE}.Debug|Any CPU.Build.0 = Debug|Any CPU
		{A12CFD40-6EA9-459A-84AD-2DF944E332CE}.Release|Any CPU.ActiveCfg = Release|Any CPU
		{A12CFD40-6EA9-459A-84AD-2DF944E332CE}.Release|Any CPU.Build.0 = Release|Any CPU
		{A2ECC374-8BB1-4B8C-AF67-062595E6FBDB}.Debug|Any CPU.ActiveCfg = Debug|Any CPU
		{A2ECC374-8BB1-4B8C-AF67-062595E6FBDB}.Debug|Any CPU.Build.0 = Debug|Any CPU
		{A2ECC374-8BB1-4B8C-AF67-062595E6FBDB}.Release|Any CPU.ActiveCfg = Release|Any CPU
		{A2ECC374-8BB1-4B8C-AF67-062595E6FBDB}.Release|Any CPU.Build.0 = Release|Any CPU
		{087BD1DE-623A-4C8B-A41B-E99938EC9296}.Debug|Any CPU.ActiveCfg = Debug|Any CPU
		{087BD1DE-623A-4C8B-A41B-E99938EC9296}.Debug|Any CPU.Build.0 = Debug|Any CPU
		{087BD1DE-623A-4C8B-A41B-E99938EC9296}.Release|Any CPU.ActiveCfg = Release|Any CPU
		{087BD1DE-623A-4C8B-A41B-E99938EC9296}.Release|Any CPU.Build.0 = Release|Any CPU
	EndGlobalSection
	GlobalSection(SolutionProperties) = preSolution
		HideSolutionNode = FALSE
	EndGlobalSection
	GlobalSection(ExtensibilityGlobals) = postSolution
		SolutionGuid = {ECFD1131-4EBD-489E-81BE-550DBF8805EF}
	EndGlobalSection
EndGlobal
